# THIS IS AN AUTOGENERATED FILE. DO NOT EDIT THIS FILE DIRECTLY.
# yarn lockfile v1


"@fortawesome/fontawesome-common-types@^0.2.25":
  version "0.2.25"
  resolved "https://registry.yarnpkg.com/@fortawesome/fontawesome-common-types/-/fontawesome-common-types-0.2.25.tgz#6df015905081f2762e5cfddeb7a20d2e9b16c786"
  integrity sha512-3RuZPDuuPELd7RXtUqTCfed14fcny9UiPOkdr2i+cYxBoTOfQgxcDoq77fHiiHcgWuo1LoBUpvGxFF1H/y7s3Q==

"@fortawesome/fontawesome-svg-core@^1.2.25":
  version "1.2.25"
  resolved "https://registry.yarnpkg.com/@fortawesome/fontawesome-svg-core/-/fontawesome-svg-core-1.2.25.tgz#24b03391d14f0c6171e8cad7057c687b74049790"
  integrity sha512-MotKnn53JKqbkLQiwcZSBJVYtTgIKFbh7B8+kd05TSnfKYPFmjKKI59o2fpz5t0Hzl35vVGU6+N4twoOpZUrqA==
  dependencies:
    "@fortawesome/fontawesome-common-types" "^0.2.25"
